// !$*UTF8*$!
{
	archiveVersion = 1;
	classes = {
	};
	objectVersion = 77;
	objects = {

/* Begin PBXBuildFile section */
		B50CD1BE2DB1777F00625999 /* Kingfisher in Frameworks */ = {isa = PBXBuildFile; productRef = B50CD1BD2DB1777F00625999 /* Kingfisher */; };
		B51B26632D9A24AA009DABCA /* FirebaseAuth in Frameworks */ = {isa = PBXBuildFile; productRef = B51B26622D9A24AA009DABCA /* FirebaseAuth */; };
		B51B26652D9A24AA009DABCA /* FirebaseFirestore in Frameworks */ = {isa = PBXBuildFile; productRef = B51B26642D9A24AA009DABCA /* FirebaseFirestore */; };
		B51B26672D9A24AA009DABCA /* FirebaseStorage in Frameworks */ = {isa = PBXBuildFile; productRef = B51B26662D9A24AA009DABCA /* FirebaseStorage */; };
/* End PBXBuildFile section */

/* Begin PBXContainerItemProxy section */
		B5004A022D986E6F00D0C9D5 /* PBXContainerItemProxy */ = {
			isa = PBXContainerItemProxy;
			containerPortal = B50049E92D986E6D00D0C9D5 /* Project object */;
			proxyType = 1;
			remoteGlobalIDString = B50049F02D986E6D00D0C9D5;
			remoteInfo = ThreadsPro;
		};
		B5004A0C2D986E6F00D0C9D5 /* PBXContainerItemProxy */ = {
			isa = PBXContainerItemProxy;
			containerPortal = B50049E92D986E6D00D0C9D5 /* Project object */;
			proxyType = 1;
			remoteGlobalIDString = B50049F02D986E6D00D0C9D5;
			remoteInfo = ThreadsPro;
		};
/* End PBXContainerItemProxy section */

/* Begin PBXFileReference section */
		B50049F12D986E6D00D0C9D5 /* ThreadsPro.app */ = {isa = PBXFileReference; explicitFileType = wrapper.application; includeInIndex = 0; path = ThreadsPro.app; sourceTree = BUILT_PRODUCTS_DIR; };
		B5004A012D986E6F00D0C9D5 /* ThreadsProTests.xctest */ = {isa = PBXFileReference; explicitFileType = wrapper.cfbundle; includeInIndex = 0; path = ThreadsProTests.xctest; sourceTree = BUILT_PRODUCTS_DIR; };
		B5004A0B2D986E6F00D0C9D5 /* ThreadsProUITests.xctest */ = {isa = PBXFileReference; explicitFileType = wrapper.cfbundle; includeInIndex = 0; path = ThreadsProUITests.xctest; sourceTree = BUILT_PRODUCTS_DIR; };
/* End PBXFileReference section */

/* Begin PBXFileSystemSynchronizedRootGroup section */
		B50049F32D986E6D00D0C9D5 /* ThreadsPro */ = {
			isa = PBXFileSystemSynchronizedRootGroup;
			path = ThreadsPro;
			sourceTree = "<group>";
		};
		B5004A042D986E6F00D0C9D5 /* ThreadsProTests */ = {
			isa = PBXFileSystemSynchronizedRootGroup;
			path = ThreadsProTests;
			sourceTree = "<group>";
		};
		B5004A0E2D986E6F00D0C9D5 /* ThreadsProUITests */ = {
			isa = PBXFileSystemSynchronizedRootGroup;
			path = ThreadsProUITests;
			sourceTree = "<group>";
		};
/* End PBXFileSystemSynchronizedRootGroup section */

/* Begin PBXFrameworksBuildPhase section */
		B50049EE2D986E6D00D0C9D5 /* Frameworks */ = {
			isa = PBXFrameworksBuildPhase;
			buildActionMask = 2147483647;
			files = (
				B50CD1BE2DB1777F00625999 /* Kingfisher in Frameworks */,
				B51B26632D9A24AA009DABCA /* FirebaseAuth in Frameworks */,
				B51B26652D9A24AA009DABCA /* FirebaseFirestore in Frameworks */,
				B51B26672D9A24AA009DABCA /* FirebaseStorage in Frameworks */,
			);
			runOnlyForDeploymentPostprocessing = 0;
		};
		B50049FE2D986E6F00D0C9D5 /* Frameworks */ = {
			isa = PBXFrameworksBuildPhase;
			buildActionMask = 2147483647;
			files = (
			);
			runOnlyForDeploymentPostprocessing = 0;
		};
		B5004A082D986E6F00D0C9D5 /* Frameworks */ = {
			isa = PBXFrameworksBuildPhase;
			buildActionMask = 2147483647;
			files = (
			);
			runOnlyForDeploymentPostprocessing = 0;
		};
/* End PBXFrameworksBuildPhase section */

/* Begin PBXGroup section */
		B50049E82D986E6D00D0C9D5 = {
			isa = PBXGroup;
			children = (
				B50049F32D986E6D00D0C9D5 /* ThreadsPro */,
				B5004A042D986E6F00D0C9D5 /* ThreadsProTests */,
				B5004A0E2D986E6F00D0C9D5 /* ThreadsProUITests */,
				B50049F22D986E6D00D0C9D5 /* Products */,
			);
			sourceTree = "<group>";
		};
		B50049F22D986E6D00D0C9D5 /* Products */ = {
			isa = PBXGroup;
			children = (
				B50049F12D986E6D00D0C9D5 /* ThreadsPro.app */,
				B5004A012D986E6F00D0C9D5 /* ThreadsProTests.xctest */,
				B5004A0B2D986E6F00D0C9D5 /* ThreadsProUITests.xctest */,
			);
			name = Products;
			sourceTree = "<group>";
		};
/* End PBXGroup section */

/* Begin PBXNativeTarget section */
		B50049F02D986E6D00D0C9D5 /* ThreadsPro */ = {
			isa = PBXNativeTarget;
			buildConfigurationList = B5004A152D986E6F00D0C9D5 /* Build configuration list for PBXNativeTarget "ThreadsPro" */;
			buildPhases = (
				B50049ED2D986E6D00D0C9D5 /* Sources */,
				B50049EE2D986E6D00D0C9D5 /* Frameworks */,
				B50049EF2D986E6D00D0C9D5 /* Resources */,
			);
			buildRules = (
			);
			dependencies = (
			);
			fileSystemSynchronizedGroups = (
				B50049F32D986E6D00D0C9D5 /* ThreadsPro */,
			);
			name = ThreadsPro;
			packageProductDependencies = (
				B51B26622D9A24AA009DABCA /* FirebaseAuth */,
				B51B26642D9A24AA009DABCA /* FirebaseFirestore */,
				B51B26662D9A24AA009DABCA /* FirebaseStorage */,
				B50CD1BD2DB1777F00625999 /* Kingfisher */,
			);
			productName = ThreadsPro;
			productReference = B50049F12D986E6D00D0C9D5 /* ThreadsPro.app */;
			productType = "com.apple.product-type.application";
		};
		B5004A002D986E6F00D0C9D5 /* ThreadsProTests */ = {
			isa = PBXNativeTarget;
			buildConfigurationList = B5004A182D986E6F00D0C9D5 /* Build configuration list for PBXNativeTarget "ThreadsProTests" */;
			buildPhases = (
				B50049FD2D986E6F00D0C9D5 /* Sources */,
				B50049FE2D986E6F00D0C9D5 /* Frameworks */,
				B50049FF2D986E6F00D0C9D5 /* Resources */,
			);
			buildRules = (
			);
			dependencies = (
				B5004A032D986E6F00D0C9D5 /* PBXTargetDependency */,
			);
			fileSystemSynchronizedGroups = (
				B5004A042D986E6F00D0C9D5 /* ThreadsProTests */,
			);
			name = ThreadsProTests;
			packageProductDependencies = (
			);
			productName = ThreadsProTests;
			productReference = B5004A012D986E6F00D0C9D5 /* ThreadsProTests.xctest */;
			productType = "com.apple.product-type.bundle.unit-test";
		};
		B5004A0A2D986E6F00D0C9D5 /* ThreadsProUITests */ = {
			isa = PBXNativeTarget;
			buildConfigurationList = B5004A1B2D986E6F00D0C9D5 /* Build configuration list for PBXNativeTarget "ThreadsProUITests" */;
			buildPhases = (
				B5004A072D986E6F00D0C9D5 /* Sources */,
				B5004A082D986E6F00D0C9D5 /* Frameworks */,
				B5004A092D986E6F00D0C9D5 /* Resources */,
			);
			buildRules = (
			);
			dependencies = (
				B5004A0D2D986E6F00D0C9D5 /* PBXTargetDependency */,
			);
			fileSystemSynchronizedGroups = (
				B5004A0E2D986E6F00D0C9D5 /* ThreadsProUITests */,
			);
			name = ThreadsProUITests;
			packageProductDependencies = (
			);
			productName = ThreadsProUITests;
			productReference = B5004A0B2D986E6F00D0C9D5 /* ThreadsProUITests.xctest */;
			productType = "com.apple.product-type.bundle.ui-testing";
		};
/* End PBXNativeTarget section */

/* Begin PBXProject section */
		B50049E92D986E6D00D0C9D5 /* Project object */ = {
			isa = PBXProject;
			attributes = {
				BuildIndependentTargetsInParallel = 1;
				LastSwiftUpdateCheck = 1610;
				LastUpgradeCheck = 1610;
				TargetAttributes = {
					B50049F02D986E6D00D0C9D5 = {
						CreatedOnToolsVersion = 16.1;
					};
					B5004A002D986E6F00D0C9D5 = {
						CreatedOnToolsVersion = 16.1;
						TestTargetID = B50049F02D986E6D00D0C9D5;
					};
					B5004A0A2D986E6F00D0C9D5 = {
						CreatedOnToolsVersion = 16.1;
						TestTargetID = B50049F02D986E6D00D0C9D5;
					};
				};
			};
			buildConfigurationList = B50049EC2D986E6D00D0C9D5 /* Build configuration list for PBXProject "ThreadsPro" */;
			developmentRegion = en;
			hasScannedForEncodings = 0;
			knownRegions = (
				en,
				Base,
			);
			mainGroup = B50049E82D986E6D00D0C9D5;
			minimizedProjectReferenceProxies = 1;
			packageReferences = (
				B51B26612D9A24AA009DABCA /* XCRemoteSwiftPackageReference "firebase-ios-sdk" */,
				B50CD1BC2DB176CD00625999 /* XCRemoteSwiftPackageReference "Kingfisher" */,
			);
			preferredProjectObjectVersion = 77;
			productRefGroup = B50049F22D986E6D00D0C9D5 /* Products */;
			projectDirPath = "";
			projectRoot = "";
			targets = (
				B50049F02D986E6D00D0C9D5 /* ThreadsPro */,
				B5004A002D986E6F00D0C9D5 /* ThreadsProTests */,
				B5004A0A2D986E6F00D0C9D5 /* ThreadsProUITests */,
			);
		};
/* End PBXProject section */

/* Begin PBXResourcesBuildPhase section */
		B50049EF2D986E6D00D0C9D5 /* Resources */ = {
			isa = PBXResourcesBuildPhase;
			buildActionMask = 2147483647;
			files = (
			);
			runOnlyForDeploymentPostprocessing = 0;
		};
		B50049FF2D986E6F00D0C9D5 /* Resources */ = {
			isa = PBXResourcesBuildPhase;
			buildActionMask = 2147483647;
			files = (
			);
			runOnlyForDeploymentPostprocessing = 0;
		};
		B5004A092D986E6F00D0C9D5 /* Resources */ = {
			isa = PBXResourcesBuildPhase;
			buildActionMask = 2147483647;
			files = (
			);
			runOnlyForDeploymentPostprocessing = 0;
		};
/* End PBXResourcesBuildPhase section */

/* Begin PBXSourcesBuildPhase section */
		B50049ED2D986E6D00D0C9D5 /* Sources */ = {
			isa = PBXSourcesBuildPhase;
			buildActionMask = 2147483647;
			files = (
			);
			runOnlyForDeploymentPostprocessing = 0;
		};
		B50049FD2D986E6F00D0C9D5 /* Sources */ = {
			isa = PBXSourcesBuildPhase;
			buildActionMask = 2147483647;
			files = (
			);
			runOnlyForDeploymentPostprocessing = 0;
		};
		B5004A072D986E6F00D0C9D5 /* Sources */ = {
			isa = PBXSourcesBuildPhase;
			buildActionMask = 2147483647;
			files = (
			);
			runOnlyForDeploymentPostprocessing = 0;
		};
/* End PBXSourcesBuildPhase section */

/* Begin PBXTargetDependency section */
		B5004A032D986E6F00D0C9D5 /* PBXTargetDependency */ = {
			isa = PBXTargetDependency;
			target = B50049F02D986E6D00D0C9D5 /* ThreadsPro */;
			targetProxy = B5004A022D986E6F00D0C9D5 /* PBXContainerItemProxy */;
		};
		B5004A0D2D986E6F00D0C9D5 /* PBXTargetDependency */ = {
			isa = PBXTargetDependency;
			target = B50049F02D986E6D00D0C9D5 /* ThreadsPro */;
			targetProxy = B5004A0C2D986E6F00D0C9D5 /* PBXContainerItemProxy */;
		};
/* End PBXTargetDependency section */

/* Begin XCBuildConfiguration section */
		B5004A132D986E6F00D0C9D5 /* Debug */ = {
			isa = XCBuildConfiguration;
			buildSettings = {
				ALWAYS_SEARCH_USER_PATHS = NO;
				ASSETCATALOG_COMPILER_GENERATE_SWIFT_ASSET_SYMBOL_EXTENSIONS = YES;
				CLANG_ANALYZER_NONNULL = YES;
				CLANG_ANALYZER_NUMBER_OBJECT_CONVERSION = YES_AGGRESSIVE;
				CLANG_CXX_LANGUAGE_STANDARD = "gnu++20";
				CLANG_ENABLE_MODULES = YES;
				CLANG_ENABLE_OBJC_ARC = YES;
				CLANG_ENABLE_OBJC_WEAK = YES;
				CLANG_WARN_BLOCK_CAPTURE_AUTORELEASING = YES;
				CLANG_WARN_BOOL_CONVERSION = YES;
				CLANG_WARN_COMMA = YES;
				CLANG_WARN_CONSTANT_CONVERSION = YES;
				CLANG_WARN_DEPRECATED_OBJC_IMPLEMENTATIONS = YES;
				CLANG_WARN_DIRECT_OBJC_ISA_USAGE = YES_ERROR;
				CLANG_WARN_DOCUMENTATION_COMMENTS = YES;
				CLANG_WARN_EMPTY_BODY = YES;
				CLANG_WARN_ENUM_CONVERSION = YES;
				CLANG_WARN_INFINITE_RECURSION = YES;
				CLANG_WARN_INT_CONVERSION = YES;
				CLANG_WARN_NON_LITERAL_NULL_CONVERSION = YES;
				CLANG_WARN_OBJC_IMPLICIT_RETAIN_SELF = YES;
				CLANG_WARN_OBJC_LITERAL_CONVERSION = YES;
				CLANG_WARN_OBJC_ROOT_CLASS = YES_ERROR;
				CLANG_WARN_QUOTED_INCLUDE_IN_FRAMEWORK_HEADER = YES;
				CLANG_WARN_RANGE_LOOP_ANALYSIS = YES;
				CLANG_WARN_STRICT_PROTOTYPES = YES;
				CLANG_WARN_SUSPICIOUS_MOVE = YES;
				CLANG_WARN_UNGUARDED_AVAILABILITY = YES_AGGRESSIVE;
				CLANG_WARN_UNREACHABLE_CODE = YES;
				CLANG_WARN__DUPLICATE_METHOD_MATCH = YES;
				COPY_PHASE_STRIP = NO;
				DEBUG_INFORMATION_FORMAT = dwarf;
				ENABLE_STRICT_OBJC_MSGSEND = YES;
				ENABLE_TESTABILITY = YES;
				ENABLE_USER_SCRIPT_SANDBOXING = YES;
				GCC_C_LANGUAGE_STANDARD = gnu17;
				GCC_DYNAMIC_NO_PIC = NO;
				GCC_NO_COMMON_BLOCKS = YES;
				GCC_OPTIMIZATION_LEVEL = 0;
				GCC_PREPROCESSOR_DEFINITIONS = (
					"DEBUG=1",
					"$(inherited)",
				);
				GCC_WARN_64_TO_32_BIT_CONVERSION = YES;
				GCC_WARN_ABOUT_RETURN_TYPE = YES_ERROR;
				GCC_WARN_UNDECLARED_SELECTOR = YES;
				GCC_WARN_UNINITIALIZED_AUTOS = YES_AGGRESSIVE;
				GCC_WARN_UNUSED_FUNCTION = YES;
				GCC_WARN_UNUSED_VARIABLE = YES;
				IPHONEOS_DEPLOYMENT_TARGET = 18.1;
				LOCALIZATION_PREFERS_STRING_CATALOGS = YES;
				MTL_ENABLE_DEBUG_INFO = INCLUDE_SOURCE;
				MTL_FAST_MATH = YES;
				ONLY_ACTIVE_ARCH = YES;
				SDKROOT = iphoneos;
				SWIFT_ACTIVE_COMPILATION_CONDITIONS = "DEBUG $(inherited)";
				SWIFT_OPTIMIZATION_LEVEL = "-Onone";
			};
			name = Debug;
		};
		B5004A142D986E6F00D0C9D5 /* Release */ = {
			isa = XCBuildConfiguration;
			buildSettings = {
				ALWAYS_SEARCH_USER_PATHS = NO;
				ASSETCATALOG_COMPILER_GENERATE_SWIFT_ASSET_SYMBOL_EXTENSIONS = YES;
				CLANG_ANALYZER_NONNULL = YES;
				CLANG_ANALYZER_NUMBER_OBJECT_CONVERSION = YES_AGGRESSIVE;
				CLANG_CXX_LANGUAGE_STANDARD = "gnu++20";
				CLANG_ENABLE_MODULES = YES;
				CLANG_ENABLE_OBJC_ARC = YES;
				CLANG_ENABLE_OBJC_WEAK = YES;
				CLANG_WARN_BLOCK_CAPTURE_AUTORELEASING = YES;
				CLANG_WARN_BOOL_CONVERSION = YES;
				CLANG_WARN_COMMA = YES;
				CLANG_WARN_CONSTANT_CONVERSION = YES;
				CLANG_WARN_DEPRECATED_OBJC_IMPLEMENTATIONS = YES;
				CLANG_WARN_DIRECT_OBJC_ISA_USAGE = YES_ERROR;
				CLANG_WARN_DOCUMENTATION_COMMENTS = YES;
				CLANG_WARN_EMPTY_BODY = YES;
				CLANG_WARN_ENUM_CONVERSION = YES;
				CLANG_WARN_INFINITE_RECURSION = YES;
				CLANG_WARN_INT_CONVERSION = YES;
				CLANG_WARN_NON_LITERAL_NULL_CONVERSION = YES;
				CLANG_WARN_OBJC_IMPLICIT_RETAIN_SELF = YES;
				CLANG_WARN_OBJC_LITERAL_CONVERSION = YES;
				CLANG_WARN_OBJC_ROOT_CLASS = YES_ERROR;
				CLANG_WARN_QUOTED_INCLUDE_IN_FRAMEWORK_HEADER = YES;
				CLANG_WARN_RANGE_LOOP_ANALYSIS = YES;
				CLANG_WARN_STRICT_PROTOTYPES = YES;
				CLANG_WARN_SUSPICIOUS_MOVE = YES;
				CLANG_WARN_UNGUARDED_AVAILABILITY = YES_AGGRESSIVE;
				CLANG_WARN_UNREACHABLE_CODE = YES;
				CLANG_WARN__DUPLICATE_METHOD_MATCH = YES;
				COPY_PHASE_STRIP = NO;
				DEBUG_INFORMATION_FORMAT = "dwarf-with-dsym";
				ENABLE_NS_ASSERTIONS = NO;
				ENABLE_STRICT_OBJC_MSGSEND = YES;
				ENABLE_USER_SCRIPT_SANDBOXING = YES;
				GCC_C_LANGUAGE_STANDARD = gnu17;
				GCC_NO_COMMON_BLOCKS = YES;
				GCC_WARN_64_TO_32_BIT_CONVERSION = YES;
				GCC_WARN_ABOUT_RETURN_TYPE = YES_ERROR;
				GCC_WARN_UNDECLARED_SELECTOR = YES;
				GCC_WARN_UNINITIALIZED_AUTOS = YES_AGGRESSIVE;
				GCC_WARN_UNUSED_FUNCTION = YES;
				GCC_WARN_UNUSED_VARIABLE = YES;
				IPHONEOS_DEPLOYMENT_TARGET = 18.1;
				LOCALIZATION_PREFERS_STRING_CATALOGS = YES;
				MTL_ENABLE_DEBUG_INFO = NO;
				MTL_FAST_MATH = YES;
				SDKROOT = iphoneos;
				SWIFT_COMPILATION_MODE = wholemodule;
				VALIDATE_PRODUCT = YES;
			};
			name = Release;
		};
		B5004A162D986E6F00D0C9D5 /* Debug */ = {
			isa = XCBuildConfiguration;
			buildSettings = {
				ASSETCATALOG_COMPILER_APPICON_NAME = AppIcon;
				ASSETCATALOG_COMPILER_GLOBAL_ACCENT_COLOR_NAME = AccentColor;
				CODE_SIGN_STYLE = Automatic;
				CURRENT_PROJECT_VERSION = 1;
				DEVELOPMENT_ASSET_PATHS = "\"ThreadsPro/Preview Content\"";
				DEVELOPMENT_TEAM = L28499HYGW;
				ENABLE_PREVIEWS = YES;
				GENERATE_INFOPLIST_FILE = YES;
				INFOPLIST_KEY_UIApplicationSceneManifest_Generation = YES;
				INFOPLIST_KEY_UIApplicationSupportsIndirectInputEvents = YES;
				INFOPLIST_KEY_UILaunchScreen_Generation = YES;
				INFOPLIST_KEY_UISupportedInterfaceOrientations_iPad = "UIInterfaceOrientationPortrait UIInterfaceOrientationPortraitUpsideDown UIInterfaceOrientationLandscapeLeft UIInterfaceOrientationLandscapeRight";
				INFOPLIST_KEY_UISupportedInterfaceOrientations_iPhone = "UIInterfaceOrientationPortrait UIInterfaceOrientationLandscapeLeft UIInterfaceOrientationLandscapeRight";
				LD_RUNPATH_SEARCH_PATHS = (
					"$(inherited)",
					"@executable_path/Frameworks",
				);
				MARKETING_VERSION = 1.0;
				PRODUCT_BUNDLE_IDENTIFIER = com.abccode.ThreadsPro;
				PRODUCT_NAME = "$(TARGET_NAME)";
				SWIFT_EMIT_LOC_STRINGS = YES;
				SWIFT_VERSION = 5.0;
				TARGETED_DEVICE_FAMILY = "1,2";
			};
			name = Debug;
		};
		B5004A172D986E6F00D0C9D5 /* Release */ = {
			isa = XCBuildConfiguration;
			buildSettings = {
				ASSETCATALOG_COMPILER_APPICON_NAME = AppIcon;
				ASSETCATALOG_COMPILER_GLOBAL_ACCENT_COLOR_NAME = AccentColor;
				CODE_SIGN_STYLE = Automatic;
				CURRENT_PROJECT_VERSION = 1;
				DEVELOPMENT_ASSET_PATHS = "\"ThreadsPro/Preview Content\"";
				DEVELOPMENT_TEAM = L28499HYGW;
				ENABLE_PREVIEWS = YES;
				GENERATE_INFOPLIST_FILE = YES;
				INFOPLIST_KEY_UIApplicationSceneManifest_Generation = YES;
				INFOPLIST_KEY_UIApplicationSupportsIndirectInputEvents = YES;
				INFOPLIST_KEY_UILaunchScreen_Generation = YES;
				INFOPLIST_KEY_UISupportedInterfaceOrientations_iPad = "UIInterfaceOrientationPortrait UIInterfaceOrientationPortraitUpsideDown UIInterfaceOrientationLandscapeLeft UIInterfaceOrientationLandscapeRight";
				INFOPLIST_KEY_UISupportedInterfaceOrientations_iPhone = "UIInterfaceOrientationPortrait UIInterfaceOrientationLandscapeLeft UIInterfaceOrientationLandscapeRight";
				LD_RUNPATH_SEARCH_PATHS = (
					"$(inherited)",
					"@executable_path/Frameworks",
				);
				MARKETING_VERSION = 1.0;
				PRODUCT_BUNDLE_IDENTIFIER = com.abccode.ThreadsPro;
				PRODUCT_NAME = "$(TARGET_NAME)";
				SWIFT_EMIT_LOC_STRINGS = YES;
				SWIFT_VERSION = 5.0;
				TARGETED_DEVICE_FAMILY = "1,2";
			};
			name = Release;
		};
		B5004A192D986E6F00D0C9D5 /* Debug */ = {
			isa = XCBuildConfiguration;
			buildSettings = {
				BUNDLE_LOADER = "$(TEST_HOST)";
				CODE_SIGN_STYLE = Automatic;
				CURRENT_PROJECT_VERSION = 1;
				DEVELOPMENT_TEAM = L28499HYGW;
				GENERATE_INFOPLIST_FILE = YES;
				IPHONEOS_DEPLOYMENT_TARGET = 18.1;
				MARKETING_VERSION = 1.0;
				PRODUCT_BUNDLE_IDENTIFIER = com.abccode.ThreadsProTests;
				PRODUCT_NAME = "$(TARGET_NAME)";
				SWIFT_EMIT_LOC_STRINGS = NO;
				SWIFT_VERSION = 5.0;
				TARGETED_DEVICE_FAMILY = "1,2";
				TEST_HOST = "$(BUILT_PRODUCTS_DIR)/ThreadsPro.app/$(BUNDLE_EXECUTABLE_FOLDER_PATH)/ThreadsPro";
			};
			name = Debug;
		};
		B5004A1A2D986E6F00D0C9D5 /* Release */ = {
			isa = XCBuildConfiguration;
			buildSettings = {
				BUNDLE_LOADER = "$(TEST_HOST)";
				CODE_SIGN_STYLE = Automatic;
				CURRENT_PROJECT_VERSION = 1;
				DEVELOPMENT_TEAM = L28499HYGW;
				GENERATE_INFOPLIST_FILE = YES;
				IPHONEOS_DEPLOYMENT_TARGET = 18.1;
				MARKETING_VERSION = 1.0;
				PRODUCT_BUNDLE_IDENTIFIER = com.abccode.ThreadsProTests;
				PRODUCT_NAME = "$(TARGET_NAME)";
				SWIFT_EMIT_LOC_STRINGS = NO;
				SWIFT_VERSION = 5.0;
				TARGETED_DEVICE_FAMILY = "1,2";
				TEST_HOST = "$(BUILT_PRODUCTS_DIR)/ThreadsPro.app/$(BUNDLE_EXECUTABLE_FOLDER_PATH)/ThreadsPro";
			};
			name = Release;
		};
		B5004A1C2D986E6F00D0C9D5 /* Debug */ = {
			isa = XCBuildConfiguration;
			buildSettings = {
				CODE_SIGN_STYLE = Automatic;
				CURRENT_PROJECT_VERSION = 1;
				DEVELOPMENT_TEAM = L28499HYGW;
				GENERATE_INFOPLIST_FILE = YES;
				MARKETING_VERSION = 1.0;
				PRODUCT_BUNDLE_IDENTIFIER = com.abccode.ThreadsProUITests;
				PRODUCT_NAME = "$(TARGET_NAME)";
				SWIFT_EMIT_LOC_STRINGS = NO;
				SWIFT_VERSION = 5.0;
				TARGETED_DEVICE_FAMILY = "1,2";
				TEST_TARGET_NAME = ThreadsPro;
			};
			name = Debug;
		};
		B5004A1D2D986E6F00D0C9D5 /* Release */ = {
			isa = XCBuildConfiguration;
			buildSettings = {
				CODE_SIGN_STYLE = Automatic;
				CURRENT_PROJECT_VERSION = 1;
				DEVELOPMENT_TEAM = L28499HYGW;
				GENERATE_INFOPLIST_FILE = YES;
				MARKETING_VERSION = 1.0;
				PRODUCT_BUNDLE_IDENTIFIER = com.abccode.ThreadsProUITests;
				PRODUCT_NAME = "$(TARGET_NAME)";
				SWIFT_EMIT_LOC_STRINGS = NO;
				SWIFT_VERSION = 5.0;
				TARGETED_DEVICE_FAMILY = "1,2";
				TEST_TARGET_NAME = ThreadsPro;
			};
			name = Release;
		};
/* End XCBuildConfiguration section */

/* Begin XCConfigurationList section */
		B50049EC2D986E6D00D0C9D5 /* Build configuration list for PBXProject "ThreadsPro" */ = {
			isa = XCConfigurationList;
			buildConfigurations = (
				B5004A132D986E6F00D0C9D5 /* Debug */,
				B5004A142D986E6F00D0C9D5 /* Release */,
			);
			defaultConfigurationIsVisible = 0;
			defaultConfigurationName = Release;
		};
		B5004A152D986E6F00D0C9D5 /* Build configuration list for PBXNativeTarget "ThreadsPro" */ = {
			isa = XCConfigurationList;
			buildConfigurations = (
				B5004A162D986E6F00D0C9D5 /* Debug */,
				B5004A172D986E6F00D0C9D5 /* Release */,
			);
			defaultConfigurationIsVisible = 0;
			defaultConfigurationName = Release;
		};
		B5004A182D986E6F00D0C9D5 /* Build configuration list for PBXNativeTarget "ThreadsProTests" */ = {
			isa = XCConfigurationList;
			buildConfigurations = (
				B5004A192D986E6F00D0C9D5 /* Debug */,
				B5004A1A2D986E6F00D0C9D5 /* Release */,
			);
			defaultConfigurationIsVisible = 0;
			defaultConfigurationName = Release;
		};
		B5004A1B2D986E6F00D0C9D5 /* Build configuration list for PBXNativeTarget "ThreadsProUITests" */ = {
			isa = XCConfigurationList;
			buildConfigurations = (
				B5004A1C2D986E6F00D0C9D5 /* Debug */,
				B5004A1D2D986E6F00D0C9D5 /* Release */,
			);
			defaultConfigurationIsVisible = 0;
			defaultConfigurationName = Release;
		};
/* End XCConfigurationList section */

/* Begin XCRemoteSwiftPackageReference section */
		B50CD1BC2DB176CD00625999 /* XCRemoteSwiftPackageReference "Kingfisher" */ = {
			isa = XCRemoteSwiftPackageReference;
			repositoryURL = "https://github.com/onevcat/Kingfisher.git";
			requirement = {
				kind = upToNextMajorVersion;
				minimumVersion = 8.3.2;
			};
		};
		B51B26612D9A24AA009DABCA /* XCRemoteSwiftPackageReference "firebase-ios-sdk" */ = {
			isa = XCRemoteSwiftPackageReference;
			repositoryURL = "https://github.com/firebase/firebase-ios-sdk";
			requirement = {
				kind = upToNextMajorVersion;
				minimumVersion = 11.10.0;
			};
		};
/* End XCRemoteSwiftPackageReference section */

/* Begin XCSwiftPackageProductDependency section */
		B50CD1BD2DB1777F00625999 /* Kingfisher */ = {
			isa = XCSwiftPackageProductDependency;
			package = B50CD1BC2DB176CD00625999 /* XCRemoteSwiftPackageReference "Kingfisher" */;
			productName = Kingfisher;
		};
		B51B26622D9A24AA009DABCA /* FirebaseAuth */ = {
			isa = XCSwiftPackageProductDependency;
			package = B51B26612D9A24AA009DABCA /* XCRemoteSwiftPackageReference "firebase-ios-sdk" */;
			productName = FirebaseAuth;
		};
		B51B26642D9A24AA009DABCA /* FirebaseFirestore */ = {
			isa = XCSwiftPackageProductDependency;
			package = B51B26612D9A24AA009DABCA /* XCRemoteSwiftPackageReference "firebase-ios-sdk" */;
			productName = FirebaseFirestore;
		};
		B51B26662D9A24AA009DABCA /* FirebaseStorage */ = {
			isa = XCSwiftPackageProductDependency;
			package = B51B26612D9A24AA009DABCA /* XCRemoteSwiftPackageReference "firebase-ios-sdk" */;
			productName = FirebaseStorage;
		};
/* End XCSwiftPackageProductDependency section */
	};
	rootObject = B50049E92D986E6D00D0C9D5 /* Project object */;
}
